// !$*UTF8*$!
{
	archiveVersion = 1;
	classes = {
	};
	objectVersion = 56;
	objects = {

/* Begin PBXBuildFile section */
		DC35A6802BCF937400D270C4 /* NoteDetailViewController.swift in Sources */ = {isa = PBXBuildFile; fileRef = DC35A67F2BCF937400D270C4 /* NoteDetailViewController.swift */; };
		DC9669C72BCF833B00B4B44D /* AppDelegate.swift in Sources */ = {isa = PBXBuildFile; fileRef = DC9669C62BCF833B00B4B44D /* AppDelegate.swift */; };
		DC9669C92BCF833B00B4B44D /* SceneDelegate.swift in Sources */ = {isa = PBXBuildFile; fileRef = DC9669C82BCF833B00B4B44D /* SceneDelegate.swift */; };
		DC9669CB2BCF833B00B4B44D /* ViewController.swift in Sources */ = {isa = PBXBuildFile; fileRef = DC9669CA2BCF833B00B4B44D /* ViewController.swift */; };
		DC9669CE2BCF833B00B4B44D /* Main.storyboard in Resources */ = {isa = PBXBuildFile; fileRef = DC9669CC2BCF833B00B4B44D /* Main.storyboard */; };
		DC9669D02BCF833C00B4B44D /* Assets.xcassets in Resources */ = {isa = PBXBuildFile; fileRef = DC9669CF2BCF833C00B4B44D /* Assets.xcassets */; };
		DC9669D32BCF833C00B4B44D /* LaunchScreen.storyboard in Resources */ = {isa = PBXBuildFile; fileRef = DC9669D12BCF833C00B4B44D /* LaunchScreen.storyboard */; };
		DC9669DE2BCF833C00B4B44D /* MyNewsTests.swift in Sources */ = {isa = PBXBuildFile; fileRef = DC9669DD2BCF833C00B4B44D /* MyNewsTests.swift */; };
		DC9669E82BCF833C00B4B44D /* MyNewsUITests.swift in Sources */ = {isa = PBXBuildFile; fileRef = DC9669E72BCF833C00B4B44D /* MyNewsUITests.swift */; };
		DC9669EA2BCF833C00B4B44D /* MyNewsUITestsLaunchTests.swift in Sources */ = {isa = PBXBuildFile; fileRef = DC9669E92BCF833C00B4B44D /* MyNewsUITestsLaunchTests.swift */; };
		DC9669F92BCF852B00B4B44D /* NewsViewController.swift in Sources */ = {isa = PBXBuildFile; fileRef = DC9669F82BCF852B00B4B44D /* NewsViewController.swift */; };
		DC9669FB2BCF878300B4B44D /* APICaller.swift in Sources */ = {isa = PBXBuildFile; fileRef = DC9669FA2BCF878300B4B44D /* APICaller.swift */; };
		DC9669FD2BCF87CE00B4B44D /* NewsTableViewCell.swift in Sources */ = {isa = PBXBuildFile; fileRef = DC9669FC2BCF87CE00B4B44D /* NewsTableViewCell.swift */; };
		DC9669FF2BCF8D1F00B4B44D /* NotesViewController.swift in Sources */ = {isa = PBXBuildFile; fileRef = DC9669FE2BCF8D1F00B4B44D /* NotesViewController.swift */; };
		DC966A012BCF910A00B4B44D /* Note.swift in Sources */ = {isa = PBXBuildFile; fileRef = DC966A002BCF910A00B4B44D /* Note.swift */; };
/* End PBXBuildFile section */

/* Begin PBXContainerItemProxy section */
		DC9669DA2BCF833C00B4B44D /* PBXContainerItemProxy */ = {
			isa = PBXContainerItemProxy;
			containerPortal = DC9669BB2BCF833B00B4B44D /* Project object */;
			proxyType = 1;
			remoteGlobalIDString = DC9669C22BCF833B00B4B44D;
			remoteInfo = MyNews;
		};
		DC9669E42BCF833C00B4B44D /* PBXContainerItemProxy */ = {
			isa = PBXContainerItemProxy;
			containerPortal = DC9669BB2BCF833B00B4B44D /* Project object */;
			proxyType = 1;
			remoteGlobalIDString = DC9669C22BCF833B00B4B44D;
			remoteInfo = MyNews;
		};
/* End PBXContainerItemProxy section */

/* Begin PBXFileReference section */
		DC35A67F2BCF937400D270C4 /* NoteDetailViewController.swift */ = {isa = PBXFileReference; lastKnownFileType = sourcecode.swift; path = NoteDetailViewController.swift; sourceTree = "<group>"; };
		DC9669C32BCF833B00B4B44D /* MyNews.app */ = {isa = PBXFileReference; explicitFileType = wrapper.application; includeInIndex = 0; path = MyNews.app; sourceTree = BUILT_PRODUCTS_DIR; };
		DC9669C62BCF833B00B4B44D /* AppDelegate.swift */ = {isa = PBXFileReference; lastKnownFileType = sourcecode.swift; path = AppDelegate.swift; sourceTree = "<group>"; };
		DC9669C82BCF833B00B4B44D /* SceneDelegate.swift */ = {isa = PBXFileReference; lastKnownFileType = sourcecode.swift; path = SceneDelegate.swift; sourceTree = "<group>"; };
		DC9669CA2BCF833B00B4B44D /* ViewController.swift */ = {isa = PBXFileReference; lastKnownFileType = sourcecode.swift; path = ViewController.swift; sourceTree = "<group>"; };
		DC9669CD2BCF833B00B4B44D /* Base */ = {isa = PBXFileReference; lastKnownFileType = file.storyboard; name = Base; path = Base.lproj/Main.storyboard; sourceTree = "<group>"; };
		DC9669CF2BCF833C00B4B44D /* Assets.xcassets */ = {isa = PBXFileReference; lastKnownFileType = folder.assetcatalog; path = Assets.xcassets; sourceTree = "<group>"; };
		DC9669D22BCF833C00B4B44D /* Base */ = {isa = PBXFileReference; lastKnownFileType = file.storyboard; name = Base; path = Base.lproj/LaunchScreen.storyboard; sourceTree = "<group>"; };
		DC9669D42BCF833C00B4B44D /* Info.plist */ = {isa = PBXFileReference; lastKnownFileType = text.plist.xml; path = Info.plist; sourceTree = "<group>"; };
		DC9669D92BCF833C00B4B44D /* MyNewsTests.xctest */ = {isa = PBXFileReference; explicitFileType = wrapper.cfbundle; includeInIndex = 0; path = MyNewsTests.xctest; sourceTree = BUILT_PRODUCTS_DIR; };
		DC9669DD2BCF833C00B4B44D /* MyNewsTests.swift */ = {isa = PBXFileReference; lastKnownFileType = sourcecode.swift; path = MyNewsTests.swift; sourceTree = "<group>"; };
		DC9669E32BCF833C00B4B44D /* MyNewsUITests.xctest */ = {isa = PBXFileReference; explicitFileType = wrapper.cfbundle; includeInIndex = 0; path = MyNewsUITests.xctest; sourceTree = BUILT_PRODUCTS_DIR; };
		DC9669E72BCF833C00B4B44D /* MyNewsUITests.swift */ = {isa = PBXFileReference; lastKnownFileType = sourcecode.swift; path = MyNewsUITests.swift; sourceTree = "<group>"; };
		DC9669E92BCF833C00B4B44D /* MyNewsUITestsLaunchTests.swift */ = {isa = PBXFileReference; lastKnownFileType = sourcecode.swift; path = MyNewsUITestsLaunchTests.swift; sourceTree = "<group>"; };
		DC9669F82BCF852B00B4B44D /* NewsViewController.swift */ = {isa = PBXFileReference; lastKnownFileType = sourcecode.swift; path = NewsViewController.swift; sourceTree = "<group>"; };
		DC9669FA2BCF878300B4B44D /* APICaller.swift */ = {isa = PBXFileReference; lastKnownFileType = sourcecode.swift; path = APICaller.swift; sourceTree = "<group>"; };
		DC9669FC2BCF87CE00B4B44D /* NewsTableViewCell.swift */ = {isa = PBXFileReference; lastKnownFileType = sourcecode.swift; path = NewsTableViewCell.swift; sourceTree = "<group>"; };
		DC9669FE2BCF8D1F00B4B44D /* NotesViewController.swift */ = {isa = PBXFileReference; lastKnownFileType = sourcecode.swift; path = NotesViewController.swift; sourceTree = "<group>"; };
		DC966A002BCF910A00B4B44D /* Note.swift */ = {isa = PBXFileReference; lastKnownFileType = sourcecode.swift; path = Note.swift; sourceTree = "<group>"; };
/* End PBXFileReference section */

/* Begin PBXFrameworksBuildPhase section */
		DC9669C02BCF833B00B4B44D /* Frameworks */ = {
			isa = PBXFrameworksBuildPhase;
			buildActionMask = 2147483647;
			files = (
			);
			runOnlyForDeploymentPostprocessing = 0;
		};
		DC9669D62BCF833C00B4B44D /* Frameworks */ = {
			isa = PBXFrameworksBuildPhase;
			buildActionMask = 2147483647;
			files = (
			);
			runOnlyForDeploymentPostprocessing = 0;
		};
		DC9669E02BCF833C00B4B44D /* Frameworks */ = {
			isa = PBXFrameworksBuildPhase;
			buildActionMask = 2147483647;
			files = (
			);
			runOnlyForDeploymentPostprocessing = 0;
		};
/* End PBXFrameworksBuildPhase section */

/* Begin PBXGroup section */
		DC9669BA2BCF833B00B4B44D = {
			isa = PBXGroup;
			children = (
				DC9669C52BCF833B00B4B44D /* MyNews */,
				DC9669DC2BCF833C00B4B44D /* MyNewsTests */,
				DC9669E62BCF833C00B4B44D /* MyNewsUITests */,
				DC9669C42BCF833B00B4B44D /* Products */,
			);
			sourceTree = "<group>";
		};
		DC9669C42BCF833B00B4B44D /* Products */ = {
			isa = PBXGroup;
			children = (
				DC9669C32BCF833B00B4B44D /* MyNews.app */,
				DC9669D92BCF833C00B4B44D /* MyNewsTests.xctest */,
				DC9669E32BCF833C00B4B44D /* MyNewsUITests.xctest */,
			);
			name = Products;
			sourceTree = "<group>";
		};
		DC9669C52BCF833B00B4B44D /* MyNews */ = {
			isa = PBXGroup;
			children = (
				DC9669C62BCF833B00B4B44D /* AppDelegate.swift */,
				DC9669C82BCF833B00B4B44D /* SceneDelegate.swift */,
				DC9669CA2BCF833B00B4B44D /* ViewController.swift */,
				DC9669CC2BCF833B00B4B44D /* Main.storyboard */,
				DC9669CF2BCF833C00B4B44D /* Assets.xcassets */,
				DC9669D12BCF833C00B4B44D /* LaunchScreen.storyboard */,
				DC9669D42BCF833C00B4B44D /* Info.plist */,
				DC9669F82BCF852B00B4B44D /* NewsViewController.swift */,
				DC9669FA2BCF878300B4B44D /* APICaller.swift */,
				DC9669FC2BCF87CE00B4B44D /* NewsTableViewCell.swift */,
				DC9669FE2BCF8D1F00B4B44D /* NotesViewController.swift */,
				DC966A002BCF910A00B4B44D /* Note.swift */,
				DC35A67F2BCF937400D270C4 /* NoteDetailViewController.swift */,
			);
			path = MyNews;
			sourceTree = "<group>";
		};
		DC9669DC2BCF833C00B4B44D /* MyNewsTests */ = {
			isa = PBXGroup;
			children = (
				DC9669DD2BCF833C00B4B44D /* MyNewsTests.swift */,
			);
			path = MyNewsTests;
			sourceTree = "<group>";
		};
		DC9669E62BCF833C00B4B44D /* MyNewsUITests */ = {
			isa = PBXGroup;
			children = (
				DC9669E72BCF833C00B4B44D /* MyNewsUITests.swift */,
				DC9669E92BCF833C00B4B44D /* MyNewsUITestsLaunchTests.swift */,
			);
			path = MyNewsUITests;
			sourceTree = "<group>";
		};
/* End PBXGroup section */

/* Begin PBXNativeTarget section */
		DC9669C22BCF833B00B4B44D /* MyNews */ = {
			isa = PBXNativeTarget;
			buildConfigurationList = DC9669ED2BCF833C00B4B44D /* Build configuration list for PBXNativeTarget "MyNews" */;
			buildPhases = (
				DC9669BF2BCF833B00B4B44D /* Sources */,
				DC9669C02BCF833B00B4B44D /* Frameworks */,
				DC9669C12BCF833B00B4B44D /* Resources */,
			);
			buildRules = (
			);
			dependencies = (
			);
			name = MyNews;
			productName = MyNews;
			productReference = DC9669C32BCF833B00B4B44D /* MyNews.app */;
			productType = "com.apple.product-type.application";
		};
		DC9669D82BCF833C00B4B44D /* MyNewsTests */ = {
			isa = PBXNativeTarget;
			buildConfigurationList = DC9669F02BCF833C00B4B44D /* Build configuration list for PBXNativeTarget "MyNewsTests" */;
			buildPhases = (
				DC9669D52BCF833C00B4B44D /* Sources */,
				DC9669D62BCF833C00B4B44D /* Frameworks */,
				DC9669D72BCF833C00B4B44D /* Resources */,
			);
			buildRules = (
			);
			dependencies = (
				DC9669DB2BCF833C00B4B44D /* PBXTargetDependency */,
			);
			name = MyNewsTests;
			productName = MyNewsTests;
			productReference = DC9669D92BCF833C00B4B44D /* MyNewsTests.xctest */;
			productType = "com.apple.product-type.bundle.unit-test";
		};
		DC9669E22BCF833C00B4B44D /* MyNewsUITests */ = {
			isa = PBXNativeTarget;
			buildConfigurationList = DC9669F32BCF833C00B4B44D /* Build configuration list for PBXNativeTarget "MyNewsUITests" */;
			buildPhases = (
				DC9669DF2BCF833C00B4B44D /* Sources */,
				DC9669E02BCF833C00B4B44D /* Frameworks */,
				DC9669E12BCF833C00B4B44D /* Resources */,
			);
			buildRules = (
			);
			dependencies = (
				DC9669E52BCF833C00B4B44D /* PBXTargetDependency */,
			);
			name = MyNewsUITests;
			productName = MyNewsUITests;
			productReference = DC9669E32BCF833C00B4B44D /* MyNewsUITests.xctest */;
			productType = "com.apple.product-type.bundle.ui-testing";
		};
/* End PBXNativeTarget section */

/* Begin PBXProject section */
		DC9669BB2BCF833B00B4B44D /* Project object */ = {
			isa = PBXProject;
			attributes = {
				BuildIndependentTargetsInParallel = 1;
				LastSwiftUpdateCheck = 1420;
				LastUpgradeCheck = 1420;
				TargetAttributes = {
					DC9669C22BCF833B00B4B44D = {
						CreatedOnToolsVersion = 14.2;
					};
					DC9669D82BCF833C00B4B44D = {
						CreatedOnToolsVersion = 14.2;
						TestTargetID = DC9669C22BCF833B00B4B44D;
					};
					DC9669E22BCF833C00B4B44D = {
						CreatedOnToolsVersion = 14.2;
						TestTargetID = DC9669C22BCF833B00B4B44D;
					};
				};
			};
			buildConfigurationList = DC9669BE2BCF833B00B4B44D /* Build configuration list for PBXProject "MyNews" */;
			compatibilityVersion = "Xcode 14.0";
			developmentRegion = en;
			hasScannedForEncodings = 0;
			knownRegions = (
				en,
				Base,
			);
			mainGroup = DC9669BA2BCF833B00B4B44D;
			productRefGroup = DC9669C42BCF833B00B4B44D /* Products */;
			projectDirPath = "";
			projectRoot = "";
			targets = (
				DC9669C22BCF833B00B4B44D /* MyNews */,
				DC9669D82BCF833C00B4B44D /* MyNewsTests */,
				DC9669E22BCF833C00B4B44D /* MyNewsUITests */,
			);
		};
/* End PBXProject section */

/* Begin PBXResourcesBuildPhase section */
		DC9669C12BCF833B00B4B44D /* Resources */ = {
			isa = PBXResourcesBuildPhase;
			buildActionMask = 2147483647;
			files = (
				DC9669D32BCF833C00B4B44D /* LaunchScreen.storyboard in Resources */,
				DC9669D02BCF833C00B4B44D /* Assets.xcassets in Resources */,
				DC9669CE2BCF833B00B4B44D /* Main.storyboard in Resources */,
			);
			runOnlyForDeploymentPostprocessing = 0;
		};
		DC9669D72BCF833C00B4B44D /* Resources */ = {
			isa = PBXResourcesBuildPhase;
			buildActionMask = 2147483647;
			files = (
			);
			runOnlyForDeploymentPostprocessing = 0;
		};
		DC9669E12BCF833C00B4B44D /* Resources */ = {
			isa = PBXResourcesBuildPhase;
			buildActionMask = 2147483647;
			files = (
			);
			runOnlyForDeploymentPostprocessing = 0;
		};
/* End PBXResourcesBuildPhase section */

/* Begin PBXSourcesBuildPhase section */
		DC9669BF2BCF833B00B4B44D /* Sources */ = {
			isa = PBXSourcesBuildPhase;
			buildActionMask = 2147483647;
			files = (
				DC9669CB2BCF833B00B4B44D /* ViewController.swift in Sources */,
				DC9669C72BCF833B00B4B44D /* AppDelegate.swift in Sources */,
				DC35A6802BCF937400D270C4 /* NoteDetailViewController.swift in Sources */,
				DC9669FD2BCF87CE00B4B44D /* NewsTableViewCell.swift in Sources */,
				DC966A012BCF910A00B4B44D /* Note.swift in Sources */,
				DC9669FF2BCF8D1F00B4B44D /* NotesViewController.swift in Sources */,
				DC9669C92BCF833B00B4B44D /* SceneDelegate.swift in Sources */,
				DC9669FB2BCF878300B4B44D /* APICaller.swift in Sources */,
				DC9669F92BCF852B00B4B44D /* NewsViewController.swift in Sources */,
			);
			runOnlyForDeploymentPostprocessing = 0;
		};
		DC9669D52BCF833C00B4B44D /* Sources */ = {
			isa = PBXSourcesBuildPhase;
			buildActionMask = 2147483647;
			files = (
				DC9669DE2BCF833C00B4B44D /* MyNewsTests.swift in Sources */,
			);
			runOnlyForDeploymentPostprocessing = 0;
		};
		DC9669DF2BCF833C00B4B44D /* Sources */ = {
			isa = PBXSourcesBuildPhase;
			buildActionMask = 2147483647;
			files = (
				DC9669E82BCF833C00B4B44D /* MyNewsUITests.swift in Sources */,
				DC9669EA2BCF833C00B4B44D /* MyNewsUITestsLaunchTests.swift in Sources */,
			);
			runOnlyForDeploymentPostprocessing = 0;
		};
/* End PBXSourcesBuildPhase section */

/* Begin PBXTargetDependency section */
		DC9669DB2BCF833C00B4B44D /* PBXTargetDependency */ = {
			isa = PBXTargetDependency;
			target = DC9669C22BCF833B00B4B44D /* MyNews */;
			targetProxy = DC9669DA2BCF833C00B4B44D /* PBXContainerItemProxy */;
		};
		DC9669E52BCF833C00B4B44D /* PBXTargetDependency */ = {
			isa = PBXTargetDependency;
			target = DC9669C22BCF833B00B4B44D /* MyNews */;
			targetProxy = DC9669E42BCF833C00B4B44D /* PBXContainerItemProxy */;
		};
/* End PBXTargetDependency section */

/* Begin PBXVariantGroup section */
		DC9669CC2BCF833B00B4B44D /* Main.storyboard */ = {
			isa = PBXVariantGroup;
			children = (
				DC9669CD2BCF833B00B4B44D /* Base */,
			);
			name = Main.storyboard;
			sourceTree = "<group>";
		};
		DC9669D12BCF833C00B4B44D /* LaunchScreen.storyboard */ = {
			isa = PBXVariantGroup;
			children = (
				DC9669D22BCF833C00B4B44D /* Base */,
			);
			name = LaunchScreen.storyboard;
			sourceTree = "<group>";
		};
/* End PBXVariantGroup section */

/* Begin XCBuildConfiguration section */
		DC9669EB2BCF833C00B4B44D /* Debug */ = {
			isa = XCBuildConfiguration;
			buildSettings = {
				ALWAYS_SEARCH_USER_PATHS = NO;
				CLANG_ANALYZER_NONNULL = YES;
				CLANG_ANALYZER_NUMBER_OBJECT_CONVERSION = YES_AGGRESSIVE;
				CLANG_CXX_LANGUAGE_STANDARD = "gnu++20";
				CLANG_ENABLE_MODULES = YES;
				CLANG_ENABLE_OBJC_ARC = YES;
				CLANG_ENABLE_OBJC_WEAK = YES;
				CLANG_WARN_BLOCK_CAPTURE_AUTORELEASING = YES;
				CLANG_WARN_BOOL_CONVERSION = YES;
				CLANG_WARN_COMMA = YES;
				CLANG_WARN_CONSTANT_CONVERSION = YES;
				CLANG_WARN_DEPRECATED_OBJC_IMPLEMENTATIONS = YES;
				CLANG_WARN_DIRECT_OBJC_ISA_USAGE = YES_ERROR;
				CLANG_WARN_DOCUMENTATION_COMMENTS = YES;
				CLANG_WARN_EMPTY_BODY = YES;
				CLANG_WARN_ENUM_CONVERSION = YES;
				CLANG_WARN_INFINITE_RECURSION = YES;
				CLANG_WARN_INT_CONVERSION = YES;
				CLANG_WARN_NON_LITERAL_NULL_CONVERSION = YES;
				CLANG_WARN_OBJC_IMPLICIT_RETAIN_SELF = YES;
				CLANG_WARN_OBJC_LITERAL_CONVERSION = YES;
				CLANG_WARN_OBJC_ROOT_CLASS = YES_ERROR;
				CLANG_WARN_QUOTED_INCLUDE_IN_FRAMEWORK_HEADER = YES;
				CLANG_WARN_RANGE_LOOP_ANALYSIS = YES;
				CLANG_WARN_STRICT_PROTOTYPES = YES;
				CLANG_WARN_SUSPICIOUS_MOVE = YES;
				CLANG_WARN_UNGUARDED_AVAILABILITY = YES_AGGRESSIVE;
				CLANG_WARN_UNREACHABLE_CODE = YES;
				CLANG_WARN__DUPLICATE_METHOD_MATCH = YES;
				COPY_PHASE_STRIP = NO;
				DEBUG_INFORMATION_FORMAT = dwarf;
				ENABLE_STRICT_OBJC_MSGSEND = YES;
				ENABLE_TESTABILITY = YES;
				GCC_C_LANGUAGE_STANDARD = gnu11;
				GCC_DYNAMIC_NO_PIC = NO;
				GCC_NO_COMMON_BLOCKS = YES;
				GCC_OPTIMIZATION_LEVEL = 0;
				GCC_PREPROCESSOR_DEFINITIONS = (
					"DEBUG=1",
					"$(inherited)",
				);
				GCC_WARN_64_TO_32_BIT_CONVERSION = YES;
				GCC_WARN_ABOUT_RETURN_TYPE = YES_ERROR;
				GCC_WARN_UNDECLARED_SELECTOR = YES;
				GCC_WARN_UNINITIALIZED_AUTOS = YES_AGGRESSIVE;
				GCC_WARN_UNUSED_FUNCTION = YES;
				GCC_WARN_UNUSED_VARIABLE = YES;
				IPHONEOS_DEPLOYMENT_TARGET = 16.2;
				MTL_ENABLE_DEBUG_INFO = INCLUDE_SOURCE;
				MTL_FAST_MATH = YES;
				ONLY_ACTIVE_ARCH = YES;
				SDKROOT = iphoneos;
				SWIFT_ACTIVE_COMPILATION_CONDITIONS = DEBUG;
				SWIFT_OPTIMIZATION_LEVEL = "-Onone";
			};
			name = Debug;
		};
		DC9669EC2BCF833C00B4B44D /* Release */ = {
			isa = XCBuildConfiguration;
			buildSettings = {
				ALWAYS_SEARCH_USER_PATHS = NO;
				CLANG_ANALYZER_NONNULL = YES;
				CLANG_ANALYZER_NUMBER_OBJECT_CONVERSION = YES_AGGRESSIVE;
				CLANG_CXX_LANGUAGE_STANDARD = "gnu++20";
				CLANG_ENABLE_MODULES = YES;
				CLANG_ENABLE_OBJC_ARC = YES;
				CLANG_ENABLE_OBJC_WEAK = YES;
				CLANG_WARN_BLOCK_CAPTURE_AUTORELEASING = YES;
				CLANG_WARN_BOOL_CONVERSION = YES;
				CLANG_WARN_COMMA = YES;
				CLANG_WARN_CONSTANT_CONVERSION = YES;
				CLANG_WARN_DEPRECATED_OBJC_IMPLEMENTATIONS = YES;
				CLANG_WARN_DIRECT_OBJC_ISA_USAGE = YES_ERROR;
				CLANG_WARN_DOCUMENTATION_COMMENTS = YES;
				CLANG_WARN_EMPTY_BODY = YES;
				CLANG_WARN_ENUM_CONVERSION = YES;
				CLANG_WARN_INFINITE_RECURSION = YES;
				CLANG_WARN_INT_CONVERSION = YES;
				CLANG_WARN_NON_LITERAL_NULL_CONVERSION = YES;
				CLANG_WARN_OBJC_IMPLICIT_RETAIN_SELF = YES;
				CLANG_WARN_OBJC_LITERAL_CONVERSION = YES;
				CLANG_WARN_OBJC_ROOT_CLASS = YES_ERROR;
				CLANG_WARN_QUOTED_INCLUDE_IN_FRAMEWORK_HEADER = YES;
				CLANG_WARN_RANGE_LOOP_ANALYSIS = YES;
				CLANG_WARN_STRICT_PROTOTYPES = YES;
				CLANG_WARN_SUSPICIOUS_MOVE = YES;
				CLANG_WARN_UNGUARDED_AVAILABILITY = YES_AGGRESSIVE;
				CLANG_WARN_UNREACHABLE_CODE = YES;
				CLANG_WARN__DUPLICATE_METHOD_MATCH = YES;
				COPY_PHASE_STRIP = NO;
				DEBUG_INFORMATION_FORMAT = "dwarf-with-dsym";
				ENABLE_NS_ASSERTIONS = NO;
				ENABLE_STRICT_OBJC_MSGSEND = YES;
				GCC_C_LANGUAGE_STANDARD = gnu11;
				GCC_NO_COMMON_BLOCKS = YES;
				GCC_WARN_64_TO_32_BIT_CONVERSION = YES;
				GCC_WARN_ABOUT_RETURN_TYPE = YES_ERROR;
				GCC_WARN_UNDECLARED_SELECTOR = YES;
				GCC_WARN_UNINITIALIZED_AUTOS = YES_AGGRESSIVE;
				GCC_WARN_UNUSED_FUNCTION = YES;
				GCC_WARN_UNUSED_VARIABLE = YES;
				IPHONEOS_DEPLOYMENT_TARGET = 16.2;
				MTL_ENABLE_DEBUG_INFO = NO;
				MTL_FAST_MATH = YES;
				SDKROOT = iphoneos;
				SWIFT_COMPILATION_MODE = wholemodule;
				SWIFT_OPTIMIZATION_LEVEL = "-O";
				VALIDATE_PRODUCT = YES;
			};
			name = Release;
		};
		DC9669EE2BCF833C00B4B44D /* Debug */ = {
			isa = XCBuildConfiguration;
			buildSettings = {
				ASSETCATALOG_COMPILER_APPICON_NAME = AppIcon;
				ASSETCATALOG_COMPILER_GLOBAL_ACCENT_COLOR_NAME = AccentColor;
				CODE_SIGN_STYLE = Automatic;
				CURRENT_PROJECT_VERSION = 1;
				GENERATE_INFOPLIST_FILE = YES;
				INFOPLIST_FILE = MyNews/Info.plist;
				INFOPLIST_KEY_UIApplicationSupportsIndirectInputEvents = YES;
				INFOPLIST_KEY_UILaunchStoryboardName = LaunchScreen;
				INFOPLIST_KEY_UIMainStoryboardFile = Main;
				INFOPLIST_KEY_UISupportedInterfaceOrientations_iPad = "UIInterfaceOrientationPortrait UIInterfaceOrientationPortraitUpsideDown UIInterfaceOrientationLandscapeLeft UIInterfaceOrientationLandscapeRight";
				INFOPLIST_KEY_UISupportedInterfaceOrientations_iPhone = "UIInterfaceOrientationPortrait UIInterfaceOrientationLandscapeLeft UIInterfaceOrientationLandscapeRight";
				LD_RUNPATH_SEARCH_PATHS = (
					"$(inherited)",
					"@executable_path/Frameworks",
				);
				MARKETING_VERSION = 1.0;
				PRODUCT_BUNDLE_IDENTIFIER = "ursulla-n01586516.MyNews";
				PRODUCT_NAME = "$(TARGET_NAME)";
				SWIFT_EMIT_LOC_STRINGS = YES;
				SWIFT_VERSION = 5.0;
				TARGETED_DEVICE_FAMILY = "1,2";
			};
			name = Debug;
		};
		DC9669EF2BCF833C00B4B44D /* Release */ = {
			isa = XCBuildConfiguration;
			buildSettings = {
				ASSETCATALOG_COMPILER_APPICON_NAME = AppIcon;
				ASSETCATALOG_COMPILER_GLOBAL_ACCENT_COLOR_NAME = AccentColor;
				CODE_SIGN_STYLE = Automatic;
				CURRENT_PROJECT_VERSION = 1;
				GENERATE_INFOPLIST_FILE = YES;
				INFOPLIST_FILE = MyNews/Info.plist;
				INFOPLIST_KEY_UIApplicationSupportsIndirectInputEvents = YES;
				INFOPLIST_KEY_UILaunchStoryboardName = LaunchScreen;
				INFOPLIST_KEY_UIMainStoryboardFile = Main;
				INFOPLIST_KEY_UISupportedInterfaceOrientations_iPad = "UIInterfaceOrientationPortrait UIInterfaceOrientationPortraitUpsideDown UIInterfaceOrientationLandscapeLeft UIInterfaceOrientationLandscapeRight";
				INFOPLIST_KEY_UISupportedInterfaceOrientations_iPhone = "UIInterfaceOrientationPortrait UIInterfaceOrientationLandscapeLeft UIInterfaceOrientationLandscapeRight";
				LD_RUNPATH_SEARCH_PATHS = (
					"$(inherited)",
					"@executable_path/Frameworks",
				);
				MARKETING_VERSION = 1.0;
				PRODUCT_BUNDLE_IDENTIFIER = "ursulla-n01586516.MyNews";
				PRODUCT_NAME = "$(TARGET_NAME)";
				SWIFT_EMIT_LOC_STRINGS = YES;
				SWIFT_VERSION = 5.0;
				TARGETED_DEVICE_FAMILY = "1,2";
			};
			name = Release;
		};
		DC9669F12BCF833C00B4B44D /* Debug */ = {
			isa = XCBuildConfiguration;
			buildSettings = {
				ALWAYS_EMBED_SWIFT_STANDARD_LIBRARIES = YES;
				BUNDLE_LOADER = "$(TEST_HOST)";
				CODE_SIGN_STYLE = Automatic;
				CURRENT_PROJECT_VERSION = 1;
				GENERATE_INFOPLIST_FILE = YES;
				IPHONEOS_DEPLOYMENT_TARGET = 16.2;
				MARKETING_VERSION = 1.0;
				PRODUCT_BUNDLE_IDENTIFIER = "ursulla-n01586516.MyNewsTests";
				PRODUCT_NAME = "$(TARGET_NAME)";
				SWIFT_EMIT_LOC_STRINGS = NO;
				SWIFT_VERSION = 5.0;
				TARGETED_DEVICE_FAMILY = "1,2";
				TEST_HOST = "$(BUILT_PRODUCTS_DIR)/MyNews.app/$(BUNDLE_EXECUTABLE_FOLDER_PATH)/MyNews";
			};
			name = Debug;
		};
		DC9669F22BCF833C00B4B44D /* Release */ = {
			isa = XCBuildConfiguration;
			buildSettings = {
				ALWAYS_EMBED_SWIFT_STANDARD_LIBRARIES = YES;
				BUNDLE_LOADER = "$(TEST_HOST)";
				CODE_SIGN_STYLE = Automatic;
				CURRENT_PROJECT_VERSION = 1;
				GENERATE_INFOPLIST_FILE = YES;
				IPHONEOS_DEPLOYMENT_TARGET = 16.2;
				MARKETING_VERSION = 1.0;
				PRODUCT_BUNDLE_IDENTIFIER = "ursulla-n01586516.MyNewsTests";
				PRODUCT_NAME = "$(TARGET_NAME)";
				SWIFT_EMIT_LOC_STRINGS = NO;
				SWIFT_VERSION = 5.0;
				TARGETED_DEVICE_FAMILY = "1,2";
				TEST_HOST = "$(BUILT_PRODUCTS_DIR)/MyNews.app/$(BUNDLE_EXECUTABLE_FOLDER_PATH)/MyNews";
			};
			name = Release;
		};
		DC9669F42BCF833C00B4B44D /* Debug */ = {
			isa = XCBuildConfiguration;
			buildSettings = {
				ALWAYS_EMBED_SWIFT_STANDARD_LIBRARIES = YES;
				CODE_SIGN_STYLE = Automatic;
				CURRENT_PROJECT_VERSION = 1;
				GENERATE_INFOPLIST_FILE = YES;
				MARKETING_VERSION = 1.0;
				PRODUCT_BUNDLE_IDENTIFIER = "ursulla-n01586516.MyNewsUITests";
				PRODUCT_NAME = "$(TARGET_NAME)";
				SWIFT_EMIT_LOC_STRINGS = NO;
				SWIFT_VERSION = 5.0;
				TARGETED_DEVICE_FAMILY = "1,2";
				TEST_TARGET_NAME = MyNews;
			};
			name = Debug;
		};
		DC9669F52BCF833C00B4B44D /* Release */ = {
			isa = XCBuildConfiguration;
			buildSettings = {
				ALWAYS_EMBED_SWIFT_STANDARD_LIBRARIES = YES;
				CODE_SIGN_STYLE = Automatic;
				CURRENT_PROJECT_VERSION = 1;
				GENERATE_INFOPLIST_FILE = YES;
				MARKETING_VERSION = 1.0;
				PRODUCT_BUNDLE_IDENTIFIER = "ursulla-n01586516.MyNewsUITests";
				PRODUCT_NAME = "$(TARGET_NAME)";
				SWIFT_EMIT_LOC_STRINGS = NO;
				SWIFT_VERSION = 5.0;
				TARGETED_DEVICE_FAMILY = "1,2";
				TEST_TARGET_NAME = MyNews;
			};
			name = Release;
		};
/* End XCBuildConfiguration section */

/* Begin XCConfigurationList section */
		DC9669BE2BCF833B00B4B44D /* Build configuration list for PBXProject "MyNews" */ = {
			isa = XCConfigurationList;
			buildConfigurations = (
				DC9669EB2BCF833C00B4B44D /* Debug */,
				DC9669EC2BCF833C00B4B44D /* Release */,
			);
			defaultConfigurationIsVisible = 0;
			defaultConfigurationName = Release;
		};
		DC9669ED2BCF833C00B4B44D /* Build configuration list for PBXNativeTarget "MyNews" */ = {
			isa = XCConfigurationList;
			buildConfigurations = (
				DC9669EE2BCF833C00B4B44D /* Debug */,
				DC9669EF2BCF833C00B4B44D /* Release */,
			);
			defaultConfigurationIsVisible = 0;
			defaultConfigurationName = Release;
		};
		DC9669F02BCF833C00B4B44D /* Build configuration list for PBXNativeTarget "MyNewsTests" */ = {
			isa = XCConfigurationList;
			buildConfigurations = (
				DC9669F12BCF833C00B4B44D /* Debug */,
				DC9669F22BCF833C00B4B44D /* Release */,
			);
			defaultConfigurationIsVisible = 0;
			defaultConfigurationName = Release;
		};
		DC9669F32BCF833C00B4B44D /* Build configuration list for PBXNativeTarget "MyNewsUITests" */ = {
			isa = XCConfigurationList;
			buildConfigurations = (
				DC9669F42BCF833C00B4B44D /* Debug */,
				DC9669F52BCF833C00B4B44D /* Release */,
			);
			defaultConfigurationIsVisible = 0;
			defaultConfigurationName = Release;
		};
/* End XCConfigurationList section */
	};
	rootObject = DC9669BB2BCF833B00B4B44D /* Project object */;
}
